{
  "nodes": {
    "comma": {
      "flake": false,
      "locked": {
        "lastModified": 1732732314,
        "narHash": "sha256-0xjEyQwGUaxk3osUAozYj2a6g7+VCljBk+y06yeVlI8=",
        "owner": "Shopify",
        "repo": "comma",
        "rev": "17fb129e3741ea4e4f53a9b6e172800b5bffd507",
        "type": "github"
      },
      "original": {
        "owner": "Shopify",
        "repo": "comma",
        "type": "github"
      }
    },
    "flake-utils": {
      "inputs": {
        "systems": "systems"
      },
      "locked": {
        "lastModified": 1731533236,
        "narHash": "sha256-l0KFg5HjrsfsO/JpG+r7fRrqm12kzFHyUHqHCVpMMbI=",
        "owner": "numtide",
        "repo": "flake-utils",
        "rev": "11707dc2f618dd54ca8739b309ec4fc024de578b",
        "type": "github"
      },
      "original": {
        "owner": "numtide",
        "repo": "flake-utils",
        "type": "github"
      }
    },
    "home-manager": {
      "inputs": {
        "nixpkgs": [
          "nixpkgs"
        ]
      },
      "locked": {
        "lastModified": 1735344290,
        "narHash": "sha256-oJDtWPH1oJT34RJK1FSWjwX4qcGOBRkcNQPD0EbSfNM=",
        "owner": "nix-community",
        "repo": "home-manager",
        "rev": "613691f285dad87694c2ba1c9e6298d04736292d",
        "type": "github"
      },
      "original": {
        "owner": "nix-community",
        "ref": "release-24.11",
        "repo": "home-manager",
        "type": "github"
      }
    },
    "nix-flatpak": {
      "locked": {
        "lastModified": 1735913600,
        "narHash": "sha256-370z+WLVnD7LrN/SvTCZxPl/XPTshS5NS2dHN4iyK6o=",
        "owner": "gmodena",
        "repo": "nix-flatpak",
        "rev": "78ed84ff81e8d8510926e7165d508bcacef49ff1",
        "type": "github"
      },
      "original": {
        "owner": "gmodena",
        "repo": "nix-flatpak",
        "type": "github"
      }
    },
    "nixos-generators": {
      "flake": false,
      "locked": {
        "lastModified": 1734915500,
        "narHash": "sha256-A7CTIQ8SW0hfbhKlwK+vSsu4pD+Oaelw3v6goX6go+U=",
        "owner": "nix-community",
        "repo": "nixos-generators",
        "rev": "051d1b2dda3b2e81b38d82e2b691e5c2f4d335f4",
        "type": "github"
      },
      "original": {
        "owner": "nix-community",
        "repo": "nixos-generators",
        "type": "github"
      }
    },
    "nixos-hardware": {
      "locked": {
        "lastModified": 1729548606,
        "narHash": "sha256-WaF8+Rsi545T0BkbRglqGNkkEpDPDcrrAxjawJiPc4M=",
        "owner": "casept",
        "repo": "nixos-hardware",
        "rev": "0301855d3ad9ca9e6194d617eae4984eb9645ad2",
        "type": "github"
      },
      "original": {
        "owner": "casept",
        "repo": "nixos-hardware",
        "type": "github"
      }
    },
    "nixos-vsliveshare": {
      "inputs": {
        "nixpkgs": [
          "nixpkgs"
        ]
      },
      "locked": {
        "lastModified": 1602354548,
        "narHash": "sha256-tiJAfNiW5Kfrg7yQP08meEFQy3rRljiPsthjB7Sug+Q=",
        "owner": "Flakebi",
        "repo": "nixos-vsliveshare",
        "rev": "ec40b4599f535d1dd3d8492666b174cb0bbb178e",
        "type": "github"
      },
      "original": {
        "owner": "Flakebi",
        "repo": "nixos-vsliveshare",
        "type": "github"
      }
    },
    "nixpkgs": {
      "locked": {
        "lastModified": 1735922141,
        "narHash": "sha256-vk0xwGZSlvZ/596yxOtsk4gxsIx2VemzdjiU8zhjgWw=",
        "owner": "NixOS",
        "repo": "nixpkgs",
        "rev": "d29ab98cd4a70a387b8ceea3e930b3340d41ac5a",
        "type": "github"
      },
      "original": {
        "owner": "NixOS",
        "ref": "nixos-24.11",
        "repo": "nixpkgs",
        "type": "github"
      }
    },
    "nixpkgs-unstable": {
      "locked": {
        "lastModified": 1735834308,
        "narHash": "sha256-dklw3AXr3OGO4/XT1Tu3Xz9n/we8GctZZ75ZWVqAVhk=",
        "owner": "NixOS",
        "repo": "nixpkgs",
        "rev": "6df24922a1400241dae323af55f30e4318a6ca65",
        "type": "github"
      },
      "original": {
        "owner": "NixOS",
        "ref": "nixos-unstable",
        "repo": "nixpkgs",
        "type": "github"
      }
    },
    "root": {
      "inputs": {
        "comma": "comma",
        "flake-utils": "flake-utils",
        "home-manager": "home-manager",
        "nix-flatpak": "nix-flatpak",
        "nixos-generators": "nixos-generators",
        "nixos-hardware": "nixos-hardware",
        "nixos-vsliveshare": "nixos-vsliveshare",
        "nixpkgs": "nixpkgs",
        "nixpkgs-unstable": "nixpkgs-unstable"
      }
    },
    "systems": {
      "locked": {
        "lastModified": 1681028828,
        "narHash": "sha256-Vy1rq5AaRuLzOxct8nz4T6wlgyUR7zLU309k9mBC768=",
        "owner": "nix-systems",
        "repo": "default",
        "rev": "da67096a3b9bf56a91d16901293e51ba5b49a27e",
        "type": "github"
      },
      "original": {
        "owner": "nix-systems",
        "repo": "default",
        "type": "github"
      }
    }
  },
  "root": "root",
  "version": 7
}
